<?xml version="1.0" encoding="utf-8"?>
<Project ToolsVersion="4.0" xmlns="http://schemas.microsoft.com/developer/msbuild/2003">
  <ItemGroup>
    <Filter Include="Source Files">
      <UniqueIdentifier>{9894051e-baf0-46f4-b934-c8f6166100cf}</UniqueIdentifier>
      <Extensions>cpp;c;cxx;rc;def;r;odl;idl;hpj;bat</Extensions>
    </Filter>
    <Filter Include="Header Files">
      <UniqueIdentifier>{b354471f-038c-46bf-bf75-b1b97c174f67}</UniqueIdentifier>
      <Extensions>h;hpp;hxx;hm;inl</Extensions>
    </Filter>
    <Filter Include="Resource Files">
      <UniqueIdentifier>{61736162-19d2-4706-8bf0-c97d15a2db78}</UniqueIdentifier>
      <Extensions>ico;cur;bmp;dlg;rc2;rct;bin;rgs;gif;jpg;jpeg;jpe</Extensions>
    </Filter>
    <Filter Include="Bin">
      <UniqueIdentifier>{883dda23-4bb2-433d-909b-ae03b3b0c4dd}</UniqueIdentifier>
      <Extensions>exe</Extensions>
    </Filter>
    <Filter Include="Readme">
      <UniqueIdentifier>{668890cf-75fb-4ed5-9f58-8434cd014150}</UniqueIdentifier>
      <Extensions>md</Extensions>
    </Filter>
  </ItemGroup>
  <ItemGroup>
    <ClCompile Include="ArcTan.cpp">
      <Filter>Source Files</Filter>
    </ClCompile>
    <ClCompile Include="ButtonMsg.cpp">
      <Filter>Source Files</Filter>
    </ClCompile>
    <ClCompile Include="CadArc.cpp">
      <Filter>Source Files</Filter>
    </ClCompile>
    <ClCompile Include="CadArcCentered.cpp">
      <Filter>Source Files</Filter>
    </ClCompile>
    <ClCompile Include="CadBitmap.cpp">
      <Filter>Source Files</Filter>
    </ClCompile>
    <ClCompile Include="CadDrawing.cpp">
      <Filter>Source Files</Filter>
    </ClCompile>
    <ClCompile Include="CadElipse.cpp">
      <Filter>Source Files</Filter>
    </ClCompile>
    <ClCompile Include="CadHoleRnd1Flat.cpp">
      <Filter>Source Files</Filter>
    </ClCompile>
    <ClCompile Include="CadHoleRnd2Flat.cpp">
      <Filter>Source Files</Filter>
    </ClCompile>
    <ClCompile Include="CadHoleRound.cpp">
      <Filter>Source Files</Filter>
    </ClCompile>
    <ClCompile Include="CadLibObject.cpp">
      <Filter>Source Files</Filter>
    </ClCompile>
    <ClCompile Include="CadLibrary.cpp">
      <Filter>Source Files</Filter>
    </ClCompile>
    <ClCompile Include="CadLine.cpp">
      <Filter>Source Files</Filter>
    </ClCompile>
    <ClCompile Include="CadObject.cpp">
      <Filter>Source Files</Filter>
    </ClCompile>
    <ClCompile Include="CadPolygon.cpp">
      <Filter>Source Files</Filter>
    </ClCompile>
    <ClCompile Include="CadPolygonFill.cpp">
      <Filter>Source Files</Filter>
    </ClCompile>
    <ClCompile Include="CadRect.cpp">
      <Filter>Source Files</Filter>
    </ClCompile>
    <ClCompile Include="CadRectHole.cpp">
      <Filter>Source Files</Filter>
    </ClCompile>
    <ClCompile Include="CadRoundRect.cpp">
      <Filter>Source Files</Filter>
    </ClCompile>
    <ClCompile Include="CadText.cpp">
      <Filter>Source Files</Filter>
    </ClCompile>
    <ClCompile Include="ComboBoxFontWeight.cpp">
      <Filter>Source Files</Filter>
    </ClCompile>
    <ClCompile Include="ComboBoxHoleType.cpp">
      <Filter>Source Files</Filter>
    </ClCompile>
    <ClCompile Include="ComboBoxLibPartSelector.cpp">
      <Filter>Source Files</Filter>
    </ClCompile>
    <ClCompile Include="ComboBoxLibrary.cpp">
      <Filter>Source Files</Filter>
    </ClCompile>
    <ClCompile Include="DialogChoose.cpp">
      <Filter>Source Files</Filter>
    </ClCompile>
    <ClCompile Include="DialogGridSettings.cpp">
      <Filter>Source Files</Filter>
    </ClCompile>
    <ClCompile Include="EditDecimal.cpp">
      <Filter>Source Files</Filter>
    </ClCompile>
    <ClCompile Include="FileParser.cpp">
      <Filter>Source Files</Filter>
    </ClCompile>
    <ClCompile Include="FrontCad.cpp">
      <Filter>Source Files</Filter>
    </ClCompile>
    <ClCompile Include="FrontCadDoc.cpp">
      <Filter>Source Files</Filter>
    </ClCompile>
    <ClCompile Include="FrontCadView.cpp">
      <Filter>Source Files</Filter>
    </ClCompile>
    <ClCompile Include="HorzScrollBar.cpp">
      <Filter>Source Files</Filter>
    </ClCompile>
    <ClCompile Include="LibFormView.cpp">
      <Filter>Source Files</Filter>
    </ClCompile>
    <ClCompile Include="LibSplitterWnd.cpp">
      <Filter>Source Files</Filter>
    </ClCompile>
    <ClCompile Include="MainFrm.cpp">
      <Filter>Source Files</Filter>
    </ClCompile>
    <ClCompile Include="MoveObjects.cpp">
      <Filter>Source Files</Filter>
    </ClCompile>
    <ClCompile Include="MyBitmap.cpp">
      <Filter>Source Files</Filter>
    </ClCompile>
    <ClCompile Include="MyComboBox.cpp">
      <Filter>Source Files</Filter>
    </ClCompile>
    <ClCompile Include="MyEdit.cpp">
      <Filter>Source Files</Filter>
    </ClCompile>
    <ClCompile Include="MyTabCtrl.cpp">
      <Filter>Source Files</Filter>
    </ClCompile>
    <ClCompile Include="NewLibDialog.cpp">
      <Filter>Source Files</Filter>
    </ClCompile>
    <ClCompile Include="ruler.cpp">
      <Filter>Source Files</Filter>
    </ClCompile>
    <ClCompile Include="SaveToLibDlg.cpp">
      <Filter>Source Files</Filter>
    </ClCompile>
    <ClCompile Include="Scale.cpp">
      <Filter>Source Files</Filter>
    </ClCompile>
    <ClCompile Include="ScaleWizDialog.cpp">
      <Filter>Source Files</Filter>
    </ClCompile>
    <ClCompile Include="ScaleWizTabOne.cpp">
      <Filter>Source Files</Filter>
    </ClCompile>
    <ClCompile Include="SplitterUtility.cpp">
      <Filter>Source Files</Filter>
    </ClCompile>
    <ClCompile Include="StaticBitmap.cpp">
      <Filter>Source Files</Filter>
    </ClCompile>
    <ClCompile Include="StaticPreview.cpp">
      <Filter>Source Files</Filter>
    </ClCompile>
    <ClCompile Include="StdAfx.cpp">
      <Filter>Source Files</Filter>
    </ClCompile>
    <ClCompile Include="UtilView.cpp">
      <Filter>Source Files</Filter>
    </ClCompile>
    <ClCompile Include="WizTab2Dialog.cpp">
      <Filter>Source Files</Filter>
    </ClCompile>
    <ClCompile Include="WizTab3Dialog.cpp">
      <Filter>Source Files</Filter>
    </ClCompile>
    <ClCompile Include="CadArrow.cpp">
      <Filter>Source Files</Filter>
    </ClCompile>
    <ClCompile Include="CadOrigin.cpp">
      <Filter>Source Files</Filter>
    </ClCompile>
    <ClCompile Include="CadDimension.cpp">
      <Filter>Source Files</Filter>
    </ClCompile>
    <ClCompile Include="DialogRenderEnable.cpp">
      <Filter>Source Files</Filter>
    </ClCompile>
    <ClCompile Include="RepeatDlg.cpp">
      <Filter>Source Files</Filter>
    </ClCompile>
    <ClCompile Include="CadPrintRect.cpp">
      <Filter>Source Files</Filter>
    </ClCompile>
    <ClCompile Include="ComboBoxPrintRect.cpp">
      <Filter>Source Files</Filter>
    </ClCompile>
    <ClCompile Include="CadCircle.cpp">
      <Filter>Source Files</Filter>
    </ClCompile>
  </ItemGroup>
  <ItemGroup>
    <ResourceCompile Include="FrontCad.rc">
      <Filter>Source Files</Filter>
    </ResourceCompile>
  </ItemGroup>
  <ItemGroup>
    <ClInclude Include="ButtonMsg.h">
      <Filter>Header Files</Filter>
    </ClInclude>
    <ClInclude Include="CadArc.h">
      <Filter>Header Files</Filter>
    </ClInclude>
    <ClInclude Include="CadArcCentered.h">
      <Filter>Header Files</Filter>
    </ClInclude>
    <ClInclude Include="CadBitmap.h">
      <Filter>Header Files</Filter>
    </ClInclude>
    <ClInclude Include="CadDrawing.h">
      <Filter>Header Files</Filter>
    </ClInclude>
    <ClInclude Include="CadElipse.h">
      <Filter>Header Files</Filter>
    </ClInclude>
    <ClInclude Include="CadHoleRnd1Flat.h">
      <Filter>Header Files</Filter>
    </ClInclude>
    <ClInclude Include="CadHoleRnd2Flat.h">
      <Filter>Header Files</Filter>
    </ClInclude>
    <ClInclude Include="CadHoleRound.h">
      <Filter>Header Files</Filter>
    </ClInclude>
    <ClInclude Include="CadLibObject.h">
      <Filter>Header Files</Filter>
    </ClInclude>
    <ClInclude Include="CadLibrary.h">
      <Filter>Header Files</Filter>
    </ClInclude>
    <ClInclude Include="CadLine.h">
      <Filter>Header Files</Filter>
    </ClInclude>
    <ClInclude Include="CadObject.h">
      <Filter>Header Files</Filter>
    </ClInclude>
    <ClInclude Include="CadPolygon.h">
      <Filter>Header Files</Filter>
    </ClInclude>
    <ClInclude Include="CadPolygonFill.h">
      <Filter>Header Files</Filter>
    </ClInclude>
    <ClInclude Include="CadRect.h">
      <Filter>Header Files</Filter>
    </ClInclude>
    <ClInclude Include="CadRectHole.h">
      <Filter>Header Files</Filter>
    </ClInclude>
    <ClInclude Include="CadRoundRect.h">
      <Filter>Header Files</Filter>
    </ClInclude>
    <ClInclude Include="CadText.h">
      <Filter>Header Files</Filter>
    </ClInclude>
    <ClInclude Include="ComboBoxFontWeight.h">
      <Filter>Header Files</Filter>
    </ClInclude>
    <ClInclude Include="ComboBoxHoleType.h">
      <Filter>Header Files</Filter>
    </ClInclude>
    <ClInclude Include="ComboBoxLibPartSelector.h">
      <Filter>Header Files</Filter>
    </ClInclude>
    <ClInclude Include="ComboBoxLibrary.h">
      <Filter>Header Files</Filter>
    </ClInclude>
    <ClInclude Include="DialogChoose.h">
      <Filter>Header Files</Filter>
    </ClInclude>
    <ClInclude Include="DialogGridSettings.h">
      <Filter>Header Files</Filter>
    </ClInclude>
    <ClInclude Include="EditDecimal.h">
      <Filter>Header Files</Filter>
    </ClInclude>
    <ClInclude Include="FileParser.h">
      <Filter>Header Files</Filter>
    </ClInclude>
    <ClInclude Include="FrontCad.h">
      <Filter>Header Files</Filter>
    </ClInclude>
    <ClInclude Include="FrontCadDefines.h">
      <Filter>Header Files</Filter>
    </ClInclude>
    <ClInclude Include="FrontCadDoc.h">
      <Filter>Header Files</Filter>
    </ClInclude>
    <ClInclude Include="FrontCadView.h">
      <Filter>Header Files</Filter>
    </ClInclude>
    <ClInclude Include="HorzScrollBar.h">
      <Filter>Header Files</Filter>
    </ClInclude>
    <ClInclude Include="LibFormView.h">
      <Filter>Header Files</Filter>
    </ClInclude>
    <ClInclude Include="LibSplitterWnd.h">
      <Filter>Header Files</Filter>
    </ClInclude>
    <ClInclude Include="MainFrm.h">
      <Filter>Header Files</Filter>
    </ClInclude>
    <ClInclude Include="MoveObjects.h">
      <Filter>Header Files</Filter>
    </ClInclude>
    <ClInclude Include="MyBitmap.h">
      <Filter>Header Files</Filter>
    </ClInclude>
    <ClInclude Include="MyComboBox.h">
      <Filter>Header Files</Filter>
    </ClInclude>
    <ClInclude Include="MyEdit.h">
      <Filter>Header Files</Filter>
    </ClInclude>
    <ClInclude Include="MyTabCtrl.h">
      <Filter>Header Files</Filter>
    </ClInclude>
    <ClInclude Include="NewLibDialog.h">
      <Filter>Header Files</Filter>
    </ClInclude>
    <ClInclude Include="Resource.h">
      <Filter>Header Files</Filter>
    </ClInclude>
    <ClInclude Include="ruler.h">
      <Filter>Header Files</Filter>
    </ClInclude>
    <ClInclude Include="SaveToLibDlg.h">
      <Filter>Header Files</Filter>
    </ClInclude>
    <ClInclude Include="Scale.h">
      <Filter>Header Files</Filter>
    </ClInclude>
    <ClInclude Include="ScaleWizDialog.h">
      <Filter>Header Files</Filter>
    </ClInclude>
    <ClInclude Include="ScaleWizTabOne.h">
      <Filter>Header Files</Filter>
    </ClInclude>
    <ClInclude Include="SplitterUtility.h">
      <Filter>Header Files</Filter>
    </ClInclude>
    <ClInclude Include="StaticBitmap.h">
      <Filter>Header Files</Filter>
    </ClInclude>
    <ClInclude Include="StaticPreview.h">
      <Filter>Header Files</Filter>
    </ClInclude>
    <ClInclude Include="StdAfx.h">
      <Filter>Header Files</Filter>
    </ClInclude>
    <ClInclude Include="UtilView.h">
      <Filter>Header Files</Filter>
    </ClInclude>
    <ClInclude Include="WizTab2Dialog.h">
      <Filter>Header Files</Filter>
    </ClInclude>
    <ClInclude Include="WizTab3Dialog.h">
      <Filter>Header Files</Filter>
    </ClInclude>
    <ClInclude Include="CadArrow.h">
      <Filter>Header Files</Filter>
    </ClInclude>
    <ClInclude Include="CadOrigin.h">
      <Filter>Header Files</Filter>
    </ClInclude>
    <ClInclude Include="CadDimension.h">
      <Filter>Header Files</Filter>
    </ClInclude>
    <ClInclude Include="DialogRenderEnable.h">
      <Filter>Header Files</Filter>
    </ClInclude>
    <ClInclude Include="RepeatDlg.h">
      <Filter>Header Files</Filter>
    </ClInclude>
    <ClInclude Include="CadPrintRect.h">
      <Filter>Header Files</Filter>
    </ClInclude>
    <ClInclude Include="ComboBoxPrintRect.h">
      <Filter>Header Files</Filter>
    </ClInclude>
    <ClInclude Include="Exception.h">
      <Filter>Header Files</Filter>
    </ClInclude>
    <ClInclude Include="CadCircle.h">
      <Filter>Header Files</Filter>
    </ClInclude>
  </ItemGroup>
  <ItemGroup>
    <Image Include="res\FrontCad.ico">
      <Filter>Resource Files</Filter>
    </Image>
    <Image Include="res\FrontCadDoc.ico">
      <Filter>Resource Files</Filter>
    </Image>
    <Image Include="res\Toolbar.bmp">
      <Filter>Resource Files</Filter>
    </Image>
  </ItemGroup>
  <ItemGroup>
    <Text Include="ReadMe.txt" />
  </ItemGroup>
  <ItemGroup>
    <CustomBuild Include="res\FrontCad.rc2">
      <Filter>Resource Files</Filter>
    </CustomBuild>
    <CustomBuild Include="FrontCad.reg" />
  </ItemGroup>
  <ItemGroup>
    <None Include="readme.md">
      <Filter>Readme</Filter>
    </None>
  </ItemGroup>
</Project>